
Microsoft Visual Studio Solution File, Format Version 12.00
# Visual Studio Version 17
VisualStudioVersion = 17.2.32630.192
MinimumVisualStudioVersion = 10.0.40219.1
Project("{8BC9CEB8-8B4A-11D0-8D11-00A0C91BC942}") = "C-Programming-with-Linux", "C-Programming-with-Linux\C-Programming-with-Linux.vcxproj", "{7497AAF0-E643-4E03-87CB-59ABC9D01E55}"
EndProject
Global
	GlobalSection(SolutionConfigurationPlatforms) = preSolution
		Debug|x64 = Debug|x64
		Debug|x86 = Debug|x86
		Release|x64 = Release|x64
		Release|x86 = Release|x86
	EndGlobalSection
	GlobalSection(ProjectConfigurationPlatforms) = postSolution
		{7497AAF0-E643-4E03-87CB-59ABC9D01E55}.Debug|x64.ActiveCfg = Debug|x64
		{7497AAF0-E643-4E03-87CB-59ABC9D01E55}.Debug|x64.Build.0 = Debug|x64
		{7497AAF0-E643-4E03-87CB-59ABC9D01E55}.Debug|x86.ActiveCfg = Debug|Win32
		{7497AAF0-E643-4E03-87CB-59ABC9D01E55}.Debug|x86.Build.0 = Debug|Win32
		{7497AAF0-E643-4E03-87CB-59ABC9D01E55}.Release|x64.ActiveCfg = Release|x64
		{7497AAF0-E643-4E03-87CB-59ABC9D01E55}.Release|x64.Build.0 = Release|x64
		{7497AAF0-E643-4E03-87CB-59ABC9D01E55}.Release|x86.ActiveCfg = Release|Win32
		{7497AAF0-E643-4E03-87CB-59ABC9D01E55}.Release|x86.Build.0 = Release|Win32
	EndGlobalSection
	GlobalSection(SolutionProperties) = preSolution
		HideSolutionNode = FALSE
	EndGlobalSection
	GlobalSection(ExtensibilityGlobals) = postSolution
		SolutionGuid = {347CAE17-5432-496D-917B-867B3381CBB1}
	EndGlobalSection
EndGlobal
